
Microsoft Visual Studio Solution File, Format Version 12.00
# Visual Studio 14
VisualStudioVersion = 14.0.23107.0
MinimumVisualStudioVersion = 10.0.40219.1
Project("{FAE04EC0-301F-11D3-BF4B-00C04F79EFBC}") = "P4_2_1184109", "P4_2_1184109\P4_2_1184109.csproj", "{9F3C6972-F98A-4BCE-8BF9-0A666B191E0C}"
EndProject
Global
	GlobalSection(SolutionConfigurationPlatforms) = preSolution
		Debug|Any CPU = Debug|Any CPU
		Release|Any CPU = Release|Any CPU
	EndGlobalSection
	GlobalSection(ProjectConfigurationPlatforms) = postSolution
		{9F3C6972-F98A-4BCE-8BF9-0A666B191E0C}.Debug|Any CPU.ActiveCfg = Debug|Any CPU
		{9F3C6972-F98A-4BCE-8BF9-0A666B191E0C}.Debug|Any CPU.Build.0 = Debug|Any CPU
		{9F3C6972-F98A-4BCE-8BF9-0A666B191E0C}.Release|Any CPU.ActiveCfg = Release|Any CPU
		{9F3C6972-F98A-4BCE-8BF9-0A666B191E0C}.Release|Any CPU.Build.0 = Release|Any CPU
	EndGlobalSection
	GlobalSection(SolutionProperties) = preSolution
		HideSolutionNode = FALSE
	EndGlobalSection
EndGlobal
