
Microsoft Visual Studio Solution File, Format Version 12.00
# Visual Studio 14
VisualStudioVersion = 14.0.23107.0
MinimumVisualStudioVersion = 10.0.40219.1
Project("{FAE04EC0-301F-11D3-BF4B-00C04F79EFBC}") = "P6_2_1184109", "P6_2_1184109.csproj", "{1DE01240-1CE2-4523-B44F-6716F49F3BF7}"
EndProject
Global
	GlobalSection(SolutionConfigurationPlatforms) = preSolution
		Debug|Any CPU = Debug|Any CPU
		Release|Any CPU = Release|Any CPU
	EndGlobalSection
	GlobalSection(ProjectConfigurationPlatforms) = postSolution
		{1DE01240-1CE2-4523-B44F-6716F49F3BF7}.Debug|Any CPU.ActiveCfg = Debug|Any CPU
		{1DE01240-1CE2-4523-B44F-6716F49F3BF7}.Debug|Any CPU.Build.0 = Debug|Any CPU
		{1DE01240-1CE2-4523-B44F-6716F49F3BF7}.Release|Any CPU.ActiveCfg = Release|Any CPU
		{1DE01240-1CE2-4523-B44F-6716F49F3BF7}.Release|Any CPU.Build.0 = Release|Any CPU
	EndGlobalSection
	GlobalSection(SolutionProperties) = preSolution
		HideSolutionNode = FALSE
	EndGlobalSection
	GlobalSection(ExtensibilityGlobals) = postSolution
		SolutionGuid = {D73D0671-8EB0-48A2-AE39-A16211DA3688}
	EndGlobalSection
EndGlobal
